
Microsoft Visual Studio Solution File, Format Version 12.00
# Visual Studio Version 16
VisualStudioVersion = 16.0.33529.622
MinimumVisualStudioVersion = 10.0.40219.1
Project("{FAE04EC0-301F-11D3-BF4B-00C04F79EFBC}") = "NetCore.GisTools", "NetCore.GisTools\NetCore.GisTools.csproj", "{49F8AB5D-E733-4B8B-8F7B-93E35AC4CE99}"
EndProject
Project("{FAE04EC0-301F-11D3-BF4B-00C04F79EFBC}") = "NetCore.GisTools.Demo", "NetCore.GisTools.Demo\NetCore.GisTools.Demo.csproj", "{EF3CCC4A-D657-4A81-ADCE-301D805F966C}"
EndProject
Global
	GlobalSection(SolutionConfigurationPlatforms) = preSolution
		Debug|Any CPU = Debug|Any CPU
		Release|Any CPU = Release|Any CPU
	EndGlobalSection
	GlobalSection(ProjectConfigurationPlatforms) = postSolution
		{49F8AB5D-E733-4B8B-8F7B-93E35AC4CE99}.Debug|Any CPU.ActiveCfg = Debug|Any CPU
		{49F8AB5D-E733-4B8B-8F7B-93E35AC4CE99}.Debug|Any CPU.Build.0 = Debug|Any CPU
		{49F8AB5D-E733-4B8B-8F7B-93E35AC4CE99}.Release|Any CPU.ActiveCfg = Release|Any CPU
		{49F8AB5D-E733-4B8B-8F7B-93E35AC4CE99}.Release|Any CPU.Build.0 = Release|Any CPU
		{EF3CCC4A-D657-4A81-ADCE-301D805F966C}.Debug|Any CPU.ActiveCfg = Debug|Any CPU
		{EF3CCC4A-D657-4A81-ADCE-301D805F966C}.Debug|Any CPU.Build.0 = Debug|Any CPU
		{EF3CCC4A-D657-4A81-ADCE-301D805F966C}.Release|Any CPU.ActiveCfg = Release|Any CPU
		{EF3CCC4A-D657-4A81-ADCE-301D805F966C}.Release|Any CPU.Build.0 = Release|Any CPU
	EndGlobalSection
	GlobalSection(SolutionProperties) = preSolution
		HideSolutionNode = FALSE
	EndGlobalSection
	GlobalSection(ExtensibilityGlobals) = postSolution
		SolutionGuid = {6FE2DE31-B9E9-42C5-99E9-62A814284E71}
	EndGlobalSection
EndGlobal
